
Microsoft Visual Studio Solution File, Format Version 12.00
# Visual Studio 15
Project("{FAE04EC0-301F-11D3-BF4B-00C04F79EFBC}") = "Assembly-CSharp", "Assembly-CSharp.csproj", "{1A65F87C-DF84-C7C0-CFB4-C98D2FF921DC}"
EndProject
Project("{FAE04EC0-301F-11D3-BF4B-00C04F79EFBC}") = "Assembly-CSharp-Editor", "Assembly-CSharp-Editor.csproj", "{7D97396F-B01B-0798-1C81-3A2F2D68AE08}"
EndProject
Global
	GlobalSection(SolutionConfigurationPlatforms) = preSolution
		Debug|Any CPU = Debug|Any CPU
		Release|Any CPU = Release|Any CPU
	EndGlobalSection
	GlobalSection(ProjectConfigurationPlatforms) = postSolution
		{1A65F87C-DF84-C7C0-CFB4-C98D2FF921DC}.Debug|Any CPU.ActiveCfg = Debug|Any CPU
		{1A65F87C-DF84-C7C0-CFB4-C98D2FF921DC}.Debug|Any CPU.Build.0 = Debug|Any CPU
		{1A65F87C-DF84-C7C0-CFB4-C98D2FF921DC}.Release|Any CPU.ActiveCfg = Release|Any CPU
		{1A65F87C-DF84-C7C0-CFB4-C98D2FF921DC}.Release|Any CPU.Build.0 = Release|Any CPU
		{7D97396F-B01B-0798-1C81-3A2F2D68AE08}.Debug|Any CPU.ActiveCfg = Debug|Any CPU
		{7D97396F-B01B-0798-1C81-3A2F2D68AE08}.Debug|Any CPU.Build.0 = Debug|Any CPU
		{7D97396F-B01B-0798-1C81-3A2F2D68AE08}.Release|Any CPU.ActiveCfg = Release|Any CPU
		{7D97396F-B01B-0798-1C81-3A2F2D68AE08}.Release|Any CPU.Build.0 = Release|Any CPU
	EndGlobalSection
	GlobalSection(SolutionProperties) = preSolution
		HideSolutionNode = FALSE
	EndGlobalSection
EndGlobal
